
Microsoft Visual Studio Solution File, Format Version 12.00
# Visual Studio Version 16
VisualStudioVersion = 16.0.29403.142
MinimumVisualStudioVersion = 10.0.40219.1
Project("{9A19103F-16F7-4668-BE54-9A1E7A4F7556}") = "Entities", "Entities\Entities.csproj", "{999FAC28-4291-41B3-AF64-423DE345FC00}"
EndProject
Project("{9A19103F-16F7-4668-BE54-9A1E7A4F7556}") = "DataAccess", "DataAccess\DataAccess.csproj", "{DA2D4A56-2143-407D-B8F8-39C6E6C07981}"
EndProject
Project("{9A19103F-16F7-4668-BE54-9A1E7A4F7556}") = "Business", "Business\Business.csproj", "{61B73B4F-5BD5-447C-9E69-10C025C9CF3F}"
EndProject
Project("{9A19103F-16F7-4668-BE54-9A1E7A4F7556}") = "Core", "Core\Core.csproj", "{CA5A1752-3D1B-4AA3-B5AB-87F51C77B664}"
EndProject
Project("{9A19103F-16F7-4668-BE54-9A1E7A4F7556}") = "WpfUI", "WpfUI\WpfUI.csproj", "{D78F0CAD-2AF6-443D-B8AC-A63555E64F40}"
EndProject
Project("{9A19103F-16F7-4668-BE54-9A1E7A4F7556}") = "WebAPI", "WebAPI\WebAPI.csproj", "{3E5CA4D1-835A-40FD-8B35-42C281EE5304}"
EndProject
Project("{FAE04EC0-301F-11D3-BF4B-00C04F79EFBC}") = "Business.Tests", "Business.Tests\Business.Tests.csproj", "{38A95197-1272-4EF8-A095-C936EBBDF760}"
EndProject
Global
	GlobalSection(SolutionConfigurationPlatforms) = preSolution
		Debug|Any CPU = Debug|Any CPU
		Release|Any CPU = Release|Any CPU
	EndGlobalSection
	GlobalSection(ProjectConfigurationPlatforms) = postSolution
		{999FAC28-4291-41B3-AF64-423DE345FC00}.Debug|Any CPU.ActiveCfg = Debug|Any CPU
		{999FAC28-4291-41B3-AF64-423DE345FC00}.Debug|Any CPU.Build.0 = Debug|Any CPU
		{999FAC28-4291-41B3-AF64-423DE345FC00}.Release|Any CPU.ActiveCfg = Release|Any CPU
		{999FAC28-4291-41B3-AF64-423DE345FC00}.Release|Any CPU.Build.0 = Release|Any CPU
		{DA2D4A56-2143-407D-B8F8-39C6E6C07981}.Debug|Any CPU.ActiveCfg = Debug|Any CPU
		{DA2D4A56-2143-407D-B8F8-39C6E6C07981}.Debug|Any CPU.Build.0 = Debug|Any CPU
		{DA2D4A56-2143-407D-B8F8-39C6E6C07981}.Release|Any CPU.ActiveCfg = Release|Any CPU
		{DA2D4A56-2143-407D-B8F8-39C6E6C07981}.Release|Any CPU.Build.0 = Release|Any CPU
		{61B73B4F-5BD5-447C-9E69-10C025C9CF3F}.Debug|Any CPU.ActiveCfg = Debug|Any CPU
		{61B73B4F-5BD5-447C-9E69-10C025C9CF3F}.Debug|Any CPU.Build.0 = Debug|Any CPU
		{61B73B4F-5BD5-447C-9E69-10C025C9CF3F}.Release|Any CPU.ActiveCfg = Release|Any CPU
		{61B73B4F-5BD5-447C-9E69-10C025C9CF3F}.Release|Any CPU.Build.0 = Release|Any CPU
		{CA5A1752-3D1B-4AA3-B5AB-87F51C77B664}.Debug|Any CPU.ActiveCfg = Debug|Any CPU
		{CA5A1752-3D1B-4AA3-B5AB-87F51C77B664}.Debug|Any CPU.Build.0 = Debug|Any CPU
		{CA5A1752-3D1B-4AA3-B5AB-87F51C77B664}.Release|Any CPU.ActiveCfg = Release|Any CPU
		{CA5A1752-3D1B-4AA3-B5AB-87F51C77B664}.Release|Any CPU.Build.0 = Release|Any CPU
		{D78F0CAD-2AF6-443D-B8AC-A63555E64F40}.Debug|Any CPU.ActiveCfg = Debug|Any CPU
		{D78F0CAD-2AF6-443D-B8AC-A63555E64F40}.Debug|Any CPU.Build.0 = Debug|Any CPU
		{D78F0CAD-2AF6-443D-B8AC-A63555E64F40}.Release|Any CPU.ActiveCfg = Release|Any CPU
		{D78F0CAD-2AF6-443D-B8AC-A63555E64F40}.Release|Any CPU.Build.0 = Release|Any CPU
		{3E5CA4D1-835A-40FD-8B35-42C281EE5304}.Debug|Any CPU.ActiveCfg = Debug|Any CPU
		{3E5CA4D1-835A-40FD-8B35-42C281EE5304}.Debug|Any CPU.Build.0 = Debug|Any CPU
		{3E5CA4D1-835A-40FD-8B35-42C281EE5304}.Release|Any CPU.ActiveCfg = Release|Any CPU
		{3E5CA4D1-835A-40FD-8B35-42C281EE5304}.Release|Any CPU.Build.0 = Release|Any CPU
		{38A95197-1272-4EF8-A095-C936EBBDF760}.Debug|Any CPU.ActiveCfg = Debug|Any CPU
		{38A95197-1272-4EF8-A095-C936EBBDF760}.Debug|Any CPU.Build.0 = Debug|Any CPU
		{38A95197-1272-4EF8-A095-C936EBBDF760}.Release|Any CPU.ActiveCfg = Release|Any CPU
		{38A95197-1272-4EF8-A095-C936EBBDF760}.Release|Any CPU.Build.0 = Release|Any CPU
	EndGlobalSection
	GlobalSection(SolutionProperties) = preSolution
		HideSolutionNode = FALSE
	EndGlobalSection
	GlobalSection(ExtensibilityGlobals) = postSolution
		SolutionGuid = {F59ED7BD-C319-4323-888B-A88EAE30A494}
	EndGlobalSection
EndGlobal
